// !$*UTF8*$!
{
	archiveVersion = 1;
	classes = {
	};
	objectVersion = 45;
	objects = {

/* Begin PBXBuildFile section */
		AA747D9F0F9514B9006C5449 /* WIRemoting_Prefix.pch in Headers */ = {isa = PBXBuildFile; fileRef = AA747D9E0F9514B9006C5449 /* WIRemoting_Prefix.pch */; };
		AACBBE4A0F95108600F1A2B1 /* Foundation.framework in Frameworks */ = {isa = PBXBuildFile; fileRef = AACBBE490F95108600F1A2B1 /* Foundation.framework */; };
		E659C105109E48F900D9CFE2 /* ASIAuthenticationDialog.h in Headers */ = {isa = PBXBuildFile; fileRef = E659C0F3109E48F900D9CFE2 /* ASIAuthenticationDialog.h */; };
		E659C106109E48F900D9CFE2 /* ASIAuthenticationDialog.m in Sources */ = {isa = PBXBuildFile; fileRef = E659C0F4109E48F900D9CFE2 /* ASIAuthenticationDialog.m */; };
		E659C107109E48F900D9CFE2 /* ASIFormDataRequest.h in Headers */ = {isa = PBXBuildFile; fileRef = E659C0F5109E48F900D9CFE2 /* ASIFormDataRequest.h */; };
		E659C108109E48F900D9CFE2 /* ASIFormDataRequest.m in Sources */ = {isa = PBXBuildFile; fileRef = E659C0F6109E48F900D9CFE2 /* ASIFormDataRequest.m */; };
		E659C109109E48F900D9CFE2 /* ASIHTTPRequest.h in Headers */ = {isa = PBXBuildFile; fileRef = E659C0F7109E48F900D9CFE2 /* ASIHTTPRequest.h */; };
		E659C10A109E48F900D9CFE2 /* ASIHTTPRequest.m in Sources */ = {isa = PBXBuildFile; fileRef = E659C0F8109E48F900D9CFE2 /* ASIHTTPRequest.m */; };
		E659C10B109E48F900D9CFE2 /* ASIInputStream.h in Headers */ = {isa = PBXBuildFile; fileRef = E659C0F9109E48F900D9CFE2 /* ASIInputStream.h */; };
		E659C10C109E48F900D9CFE2 /* ASIInputStream.m in Sources */ = {isa = PBXBuildFile; fileRef = E659C0FA109E48F900D9CFE2 /* ASIInputStream.m */; };
		E659C10D109E48F900D9CFE2 /* ASINetworkQueue.h in Headers */ = {isa = PBXBuildFile; fileRef = E659C0FB109E48F900D9CFE2 /* ASINetworkQueue.h */; };
		E659C10E109E48F900D9CFE2 /* ASINetworkQueue.m in Sources */ = {isa = PBXBuildFile; fileRef = E659C0FC109E48F900D9CFE2 /* ASINetworkQueue.m */; };
		E659C10F109E48F900D9CFE2 /* ASINSStringAdditions.h in Headers */ = {isa = PBXBuildFile; fileRef = E659C0FD109E48F900D9CFE2 /* ASINSStringAdditions.h */; };
		E659C110109E48F900D9CFE2 /* ASINSStringAdditions.m in Sources */ = {isa = PBXBuildFile; fileRef = E659C0FE109E48F900D9CFE2 /* ASINSStringAdditions.m */; };
		E659C111109E48F900D9CFE2 /* ASIS3BucketObject.h in Headers */ = {isa = PBXBuildFile; fileRef = E659C0FF109E48F900D9CFE2 /* ASIS3BucketObject.h */; };
		E659C112109E48F900D9CFE2 /* ASIS3BucketObject.m in Sources */ = {isa = PBXBuildFile; fileRef = E659C100109E48F900D9CFE2 /* ASIS3BucketObject.m */; };
		E659C113109E48F900D9CFE2 /* ASIS3ListRequest.h in Headers */ = {isa = PBXBuildFile; fileRef = E659C101109E48F900D9CFE2 /* ASIS3ListRequest.h */; };
		E659C114109E48F900D9CFE2 /* ASIS3ListRequest.m in Sources */ = {isa = PBXBuildFile; fileRef = E659C102109E48F900D9CFE2 /* ASIS3ListRequest.m */; };
		E659C115109E48F900D9CFE2 /* ASIS3Request.h in Headers */ = {isa = PBXBuildFile; fileRef = E659C103109E48F900D9CFE2 /* ASIS3Request.h */; };
		E659C116109E48F900D9CFE2 /* ASIS3Request.m in Sources */ = {isa = PBXBuildFile; fileRef = E659C104109E48F900D9CFE2 /* ASIS3Request.m */; };
		E659C11E109E492300D9CFE2 /* UIKit.framework in Frameworks */ = {isa = PBXBuildFile; fileRef = E659C11D109E492300D9CFE2 /* UIKit.framework */; };
		E659C12C109E494200D9CFE2 /* Reachability.h in Headers */ = {isa = PBXBuildFile; fileRef = E659C12A109E494200D9CFE2 /* Reachability.h */; };
		E659C12D109E494200D9CFE2 /* Reachability.m in Sources */ = {isa = PBXBuildFile; fileRef = E659C12B109E494200D9CFE2 /* Reachability.m */; };
		E659C1C4109E497000D9CFE2 /* CFNetwork.framework in Frameworks */ = {isa = PBXBuildFile; fileRef = E659C1C3109E497000D9CFE2 /* CFNetwork.framework */; };
		E659C1C8109E497D00D9CFE2 /* SystemConfiguration.framework in Frameworks */ = {isa = PBXBuildFile; fileRef = E659C1C7109E497D00D9CFE2 /* SystemConfiguration.framework */; };
		E659C1CC109E498100D9CFE2 /* libz.dylib in Frameworks */ = {isa = PBXBuildFile; fileRef = E659C1CB109E498100D9CFE2 /* libz.dylib */; };
		E659C315109E523500D9CFE2 /* JSON.h in Headers */ = {isa = PBXBuildFile; fileRef = E659C308109E523500D9CFE2 /* JSON.h */; };
		E659C316109E523500D9CFE2 /* NSObject+SBJSON.h in Headers */ = {isa = PBXBuildFile; fileRef = E659C309109E523500D9CFE2 /* NSObject+SBJSON.h */; };
		E659C317109E523500D9CFE2 /* NSObject+SBJSON.m in Sources */ = {isa = PBXBuildFile; fileRef = E659C30A109E523500D9CFE2 /* NSObject+SBJSON.m */; };
		E659C318109E523500D9CFE2 /* NSString+SBJSON.h in Headers */ = {isa = PBXBuildFile; fileRef = E659C30B109E523500D9CFE2 /* NSString+SBJSON.h */; };
		E659C319109E523500D9CFE2 /* NSString+SBJSON.m in Sources */ = {isa = PBXBuildFile; fileRef = E659C30C109E523500D9CFE2 /* NSString+SBJSON.m */; };
		E659C31A109E523500D9CFE2 /* SBJSON.h in Headers */ = {isa = PBXBuildFile; fileRef = E659C30D109E523500D9CFE2 /* SBJSON.h */; };
		E659C31B109E523500D9CFE2 /* SBJSON.m in Sources */ = {isa = PBXBuildFile; fileRef = E659C30E109E523500D9CFE2 /* SBJSON.m */; };
		E659C31C109E523500D9CFE2 /* SBJsonBase.h in Headers */ = {isa = PBXBuildFile; fileRef = E659C30F109E523500D9CFE2 /* SBJsonBase.h */; };
		E659C31D109E523500D9CFE2 /* SBJsonBase.m in Sources */ = {isa = PBXBuildFile; fileRef = E659C310109E523500D9CFE2 /* SBJsonBase.m */; };
		E659C31E109E523500D9CFE2 /* SBJsonParser.h in Headers */ = {isa = PBXBuildFile; fileRef = E659C311109E523500D9CFE2 /* SBJsonParser.h */; };
		E659C31F109E523500D9CFE2 /* SBJsonParser.m in Sources */ = {isa = PBXBuildFile; fileRef = E659C312109E523500D9CFE2 /* SBJsonParser.m */; };
		E659C320109E523500D9CFE2 /* SBJsonWriter.h in Headers */ = {isa = PBXBuildFile; fileRef = E659C313109E523500D9CFE2 /* SBJsonWriter.h */; };
		E659C321109E523500D9CFE2 /* SBJsonWriter.m in Sources */ = {isa = PBXBuildFile; fileRef = E659C314109E523500D9CFE2 /* SBJsonWriter.m */; };
		E659C353109E555700D9CFE2 /* libz.dylib in Frameworks */ = {isa = PBXBuildFile; fileRef = E659C1CB109E498100D9CFE2 /* libz.dylib */; };
		E659C354109E555800D9CFE2 /* Foundation.framework in Frameworks */ = {isa = PBXBuildFile; fileRef = AACBBE490F95108600F1A2B1 /* Foundation.framework */; };
		E659C355109E555900D9CFE2 /* CFNetwork.framework in Frameworks */ = {isa = PBXBuildFile; fileRef = E659C1C3109E497000D9CFE2 /* CFNetwork.framework */; };
		E659C356109E555F00D9CFE2 /* SystemConfiguration.framework in Frameworks */ = {isa = PBXBuildFile; fileRef = E659C1C7109E497D00D9CFE2 /* SystemConfiguration.framework */; };
		E659C357109E556000D9CFE2 /* UIKit.framework in Frameworks */ = {isa = PBXBuildFile; fileRef = E659C11D109E492300D9CFE2 /* UIKit.framework */; };
		E664DBD410AF915100B1418A /* RMCallTests.m in Sources */ = {isa = PBXBuildFile; fileRef = E664DBD110AF914700B1418A /* RMCallTests.m */; };
		E664DC2210AFB71500B1418A /* MockProtocol.m in Sources */ = {isa = PBXBuildFile; fileRef = E664DC2110AFB71500B1418A /* MockProtocol.m */; };
		E664DC2810AFB77D00B1418A /* WIRemoting.h in Headers */ = {isa = PBXBuildFile; fileRef = E664DC2710AFB77700B1418A /* WIRemoting.h */; };
		E667E42010C7240300EC0CA0 /* RMResultDelegateWrapper.m in Sources */ = {isa = PBXBuildFile; fileRef = E667E41F10C7240300EC0CA0 /* RMResultDelegateWrapper.m */; };
		E667E4D110C73B3B00EC0CA0 /* MockProtocol2.m in Sources */ = {isa = PBXBuildFile; fileRef = E667E4D010C73B3B00EC0CA0 /* MockProtocol2.m */; };
		E667E54C10C73F8700EC0CA0 /* NSObject+SBJSON.m in Sources */ = {isa = PBXBuildFile; fileRef = E659C30A109E523500D9CFE2 /* NSObject+SBJSON.m */; };
		E667E54D10C73F8700EC0CA0 /* NSString+SBJSON.m in Sources */ = {isa = PBXBuildFile; fileRef = E659C30C109E523500D9CFE2 /* NSString+SBJSON.m */; };
		E667E54E10C73F8800EC0CA0 /* SBJSON.m in Sources */ = {isa = PBXBuildFile; fileRef = E659C30E109E523500D9CFE2 /* SBJSON.m */; };
		E667E54F10C73F8A00EC0CA0 /* SBJsonBase.m in Sources */ = {isa = PBXBuildFile; fileRef = E659C310109E523500D9CFE2 /* SBJsonBase.m */; };
		E667E55010C73F8B00EC0CA0 /* SBJsonParser.m in Sources */ = {isa = PBXBuildFile; fileRef = E659C312109E523500D9CFE2 /* SBJsonParser.m */; };
		E667E55110C73F8E00EC0CA0 /* SBJsonWriter.m in Sources */ = {isa = PBXBuildFile; fileRef = E659C314109E523500D9CFE2 /* SBJsonWriter.m */; };
		E667E5C810C74AE900EC0CA0 /* libWIRemoting.a in Frameworks */ = {isa = PBXBuildFile; fileRef = D2AAC07E0554694100DB518D /* libWIRemoting.a */; };
		E67A9F3B10CF020800F520FA /* GetCoursesViewController.m in Sources */ = {isa = PBXBuildFile; fileRef = E67A9F3A10CF020800F520FA /* GetCoursesViewController.m */; };
		E67A9F8C10CF059700F520FA /* ShowCourseViewController.m in Sources */ = {isa = PBXBuildFile; fileRef = E67A9F8B10CF059700F520FA /* ShowCourseViewController.m */; };
		E67AA06E10CF0E6A00F520FA /* CourseDetailResultViewController.m in Sources */ = {isa = PBXBuildFile; fileRef = E67AA06D10CF0E6A00F520FA /* CourseDetailResultViewController.m */; };
		E67AA1EE10CF2DF100F520FA /* LoginViewController.m in Sources */ = {isa = PBXBuildFile; fileRef = E67AA1ED10CF2DF100F520FA /* LoginViewController.m */; };
		E67AA29D10CF33EF00F520FA /* moodle.png in Resources */ = {isa = PBXBuildFile; fileRef = E67AA29C10CF33EF00F520FA /* moodle.png */; };
		E685BDF010C7EB63003E4873 /* MockProtocolShouldSend.m in Sources */ = {isa = PBXBuildFile; fileRef = E685BDEF10C7EB63003E4873 /* MockProtocolShouldSend.m */; };
		E685BE5A10C7FA39003E4873 /* RMSessionTests.m in Sources */ = {isa = PBXBuildFile; fileRef = E685BE5910C7FA39003E4873 /* RMSessionTests.m */; };
		E685BE8F10C7FDE7003E4873 /* MockSessionProtocol.m in Sources */ = {isa = PBXBuildFile; fileRef = E685BE8E10C7FDE7003E4873 /* MockSessionProtocol.m */; };
		E685C0A810C89AE3003E4873 /* MoodleCallProtocol.m in Sources */ = {isa = PBXBuildFile; fileRef = E685C0A410C89AC1003E4873 /* MoodleCallProtocol.m */; };
		E685C0AD10C89B01003E4873 /* MoodleAuthenticator.h in Headers */ = {isa = PBXBuildFile; fileRef = E685C0AB10C89B01003E4873 /* MoodleAuthenticator.h */; };
		E685C0AE10C89B01003E4873 /* MoodleAuthenticator.m in Sources */ = {isa = PBXBuildFile; fileRef = E685C0AC10C89B01003E4873 /* MoodleAuthenticator.m */; };
		E685C0B710C89B48003E4873 /* Moodle.h in Headers */ = {isa = PBXBuildFile; fileRef = E685C0B510C89B48003E4873 /* Moodle.h */; };
		E685C0B810C89B48003E4873 /* Moodle.m in Sources */ = {isa = PBXBuildFile; fileRef = E685C0B610C89B48003E4873 /* Moodle.m */; };
		E6E4753610CEA97600C5E68C /* MoodleTests.m in Resources */ = {isa = PBXBuildFile; fileRef = E6E4753510CEA97600C5E68C /* MoodleTests.m */; };
		E6E4755C10CEABD100C5E68C /* MoodleTests.m in Sources */ = {isa = PBXBuildFile; fileRef = E6E4753510CEA97600C5E68C /* MoodleTests.m */; };
		E6E477B110CED0FD00C5E68C /* UIKit.framework in Frameworks */ = {isa = PBXBuildFile; fileRef = E659C11D109E492300D9CFE2 /* UIKit.framework */; };
		E6E477B210CED0FE00C5E68C /* SystemConfiguration.framework in Frameworks */ = {isa = PBXBuildFile; fileRef = E659C1C7109E497D00D9CFE2 /* SystemConfiguration.framework */; };
		E6E477B310CED0FE00C5E68C /* libz.dylib in Frameworks */ = {isa = PBXBuildFile; fileRef = E659C1CB109E498100D9CFE2 /* libz.dylib */; };
		E6E477B410CED0FF00C5E68C /* Foundation.framework in Frameworks */ = {isa = PBXBuildFile; fileRef = AACBBE490F95108600F1A2B1 /* Foundation.framework */; };
		E6E477B510CED0FF00C5E68C /* CFNetwork.framework in Frameworks */ = {isa = PBXBuildFile; fileRef = E659C1C3109E497000D9CFE2 /* CFNetwork.framework */; };
		E6E477D510CED1C100C5E68C /* MoodleExampleAppDelegate.m in Sources */ = {isa = PBXBuildFile; fileRef = E6E477D410CED1C100C5E68C /* MoodleExampleAppDelegate.m */; };
		E6E477DC10CED21900C5E68C /* RootViewController.xib in Resources */ = {isa = PBXBuildFile; fileRef = E6E477DA10CED21900C5E68C /* RootViewController.xib */; };
		E6E477DD10CED21900C5E68C /* MainWindow.xib in Resources */ = {isa = PBXBuildFile; fileRef = E6E477DB10CED21900C5E68C /* MainWindow.xib */; };
		E6E477E410CED27200C5E68C /* RootViewController.m in Sources */ = {isa = PBXBuildFile; fileRef = E6E477E310CED27200C5E68C /* RootViewController.m */; };
		E6E477F110CED2A100C5E68C /* main.m in Sources */ = {isa = PBXBuildFile; fileRef = E6E477F010CED2A100C5E68C /* main.m */; };
		E6E4784510CEE7BA00C5E68C /* LoginViewController.xib in Resources */ = {isa = PBXBuildFile; fileRef = E6E4784310CEE7BA00C5E68C /* LoginViewController.xib */; };
		E6E4789110CEEA6200C5E68C /* libWIRemoting.a in Frameworks */ = {isa = PBXBuildFile; fileRef = D2AAC07E0554694100DB518D /* libWIRemoting.a */; };
		E6E4789910CEEA8000C5E68C /* RMResultDelegateWrapper.m in Sources */ = {isa = PBXBuildFile; fileRef = E667E41F10C7240300EC0CA0 /* RMResultDelegateWrapper.m */; };
		E6E4789A10CEEA8300C5E68C /* RMResultDelegateWrapper.h in Headers */ = {isa = PBXBuildFile; fileRef = E667E41E10C7240300EC0CA0 /* RMResultDelegateWrapper.h */; };
		E6E4794510CEF0A600C5E68C /* MoodleResultViewController.m in Sources */ = {isa = PBXBuildFile; fileRef = E6E4794410CEF0A600C5E68C /* MoodleResultViewController.m */; };
		E6E479F910CEF85800C5E68C /* LogoutViewController.m in Sources */ = {isa = PBXBuildFile; fileRef = E6E479F810CEF85800C5E68C /* LogoutViewController.m */; };
		E6FA4333109E806F00385C66 /* RMSession.h in Headers */ = {isa = PBXBuildFile; fileRef = E6FA4331109E806F00385C66 /* RMSession.h */; };
		E6FA4334109E806F00385C66 /* RMSession.m in Sources */ = {isa = PBXBuildFile; fileRef = E6FA4332109E806F00385C66 /* RMSession.m */; };
		E6FA433F109E849300385C66 /* RMCall.h in Headers */ = {isa = PBXBuildFile; fileRef = E6FA433D109E849300385C66 /* RMCall.h */; };
		E6FA4340109E849300385C66 /* RMCall.m in Sources */ = {isa = PBXBuildFile; fileRef = E6FA433E109E849300385C66 /* RMCall.m */; };
		E6FA438A109E896800385C66 /* RMResponse.h in Headers */ = {isa = PBXBuildFile; fileRef = E6FA4388109E896800385C66 /* RMResponse.h */; };
		E6FA438B109E896800385C66 /* RMResponse.m in Sources */ = {isa = PBXBuildFile; fileRef = E6FA4389109E896800385C66 /* RMResponse.m */; };
/* End PBXBuildFile section */

/* Begin PBXContainerItemProxy section */
		E667E36E10C71C7E00EC0CA0 /* PBXContainerItemProxy */ = {
			isa = PBXContainerItemProxy;
			containerPortal = 0867D690FE84028FC02AAC07 /* Project object */;
			proxyType = 1;
			remoteGlobalIDString = D2AAC07D0554694100DB518D;
			remoteInfo = WIRemoting;
		};
		E6E476FF10CED09900C5E68C /* PBXContainerItemProxy */ = {
			isa = PBXContainerItemProxy;
			containerPortal = 0867D690FE84028FC02AAC07 /* Project object */;
			proxyType = 1;
			remoteGlobalIDString = D2AAC07D0554694100DB518D;
			remoteInfo = WIRemoting;
		};
/* End PBXContainerItemProxy section */

/* Begin PBXFileReference section */
		AA747D9E0F9514B9006C5449 /* WIRemoting_Prefix.pch */ = {isa = PBXFileReference; fileEncoding = 4; lastKnownFileType = sourcecode.c.h; path = WIRemoting_Prefix.pch; sourceTree = SOURCE_ROOT; };
		AACBBE490F95108600F1A2B1 /* Foundation.framework */ = {isa = PBXFileReference; lastKnownFileType = wrapper.framework; name = Foundation.framework; path = System/Library/Frameworks/Foundation.framework; sourceTree = SDKROOT; };
		D2AAC07E0554694100DB518D /* libWIRemoting.a */ = {isa = PBXFileReference; explicitFileType = archive.ar; includeInIndex = 0; path = libWIRemoting.a; sourceTree = BUILT_PRODUCTS_DIR; };
		E659C0F3109E48F900D9CFE2 /* ASIAuthenticationDialog.h */ = {isa = PBXFileReference; fileEncoding = 4; lastKnownFileType = sourcecode.c.h; path = ASIAuthenticationDialog.h; sourceTree = "<group>"; };
		E659C0F4109E48F900D9CFE2 /* ASIAuthenticationDialog.m */ = {isa = PBXFileReference; fileEncoding = 4; lastKnownFileType = sourcecode.c.objc; path = ASIAuthenticationDialog.m; sourceTree = "<group>"; };
		E659C0F5109E48F900D9CFE2 /* ASIFormDataRequest.h */ = {isa = PBXFileReference; fileEncoding = 4; lastKnownFileType = sourcecode.c.h; path = ASIFormDataRequest.h; sourceTree = "<group>"; };
		E659C0F6109E48F900D9CFE2 /* ASIFormDataRequest.m */ = {isa = PBXFileReference; fileEncoding = 4; lastKnownFileType = sourcecode.c.objc; path = ASIFormDataRequest.m; sourceTree = "<group>"; };
		E659C0F7109E48F900D9CFE2 /* ASIHTTPRequest.h */ = {isa = PBXFileReference; fileEncoding = 4; lastKnownFileType = sourcecode.c.h; path = ASIHTTPRequest.h; sourceTree = "<group>"; };
		E659C0F8109E48F900D9CFE2 /* ASIHTTPRequest.m */ = {isa = PBXFileReference; fileEncoding = 4; lastKnownFileType = sourcecode.c.objc; path = ASIHTTPRequest.m; sourceTree = "<group>"; };
		E659C0F9109E48F900D9CFE2 /* ASIInputStream.h */ = {isa = PBXFileReference; fileEncoding = 4; lastKnownFileType = sourcecode.c.h; path = ASIInputStream.h; sourceTree = "<group>"; };
		E659C0FA109E48F900D9CFE2 /* ASIInputStream.m */ = {isa = PBXFileReference; fileEncoding = 4; lastKnownFileType = sourcecode.c.objc; path = ASIInputStream.m; sourceTree = "<group>"; };
		E659C0FB109E48F900D9CFE2 /* ASINetworkQueue.h */ = {isa = PBXFileReference; fileEncoding = 4; lastKnownFileType = sourcecode.c.h; path = ASINetworkQueue.h; sourceTree = "<group>"; };
		E659C0FC109E48F900D9CFE2 /* ASINetworkQueue.m */ = {isa = PBXFileReference; fileEncoding = 4; lastKnownFileType = sourcecode.c.objc; path = ASINetworkQueue.m; sourceTree = "<group>"; };
		E659C0FD109E48F900D9CFE2 /* ASINSStringAdditions.h */ = {isa = PBXFileReference; fileEncoding = 4; lastKnownFileType = sourcecode.c.h; path = ASINSStringAdditions.h; sourceTree = "<group>"; };
		E659C0FE109E48F900D9CFE2 /* ASINSStringAdditions.m */ = {isa = PBXFileReference; fileEncoding = 4; lastKnownFileType = sourcecode.c.objc; path = ASINSStringAdditions.m; sourceTree = "<group>"; };
		E659C0FF109E48F900D9CFE2 /* ASIS3BucketObject.h */ = {isa = PBXFileReference; fileEncoding = 4; lastKnownFileType = sourcecode.c.h; path = ASIS3BucketObject.h; sourceTree = "<group>"; };
		E659C100109E48F900D9CFE2 /* ASIS3BucketObject.m */ = {isa = PBXFileReference; fileEncoding = 4; lastKnownFileType = sourcecode.c.objc; path = ASIS3BucketObject.m; sourceTree = "<group>"; };
		E659C101109E48F900D9CFE2 /* ASIS3ListRequest.h */ = {isa = PBXFileReference; fileEncoding = 4; lastKnownFileType = sourcecode.c.h; path = ASIS3ListRequest.h; sourceTree = "<group>"; };
		E659C102109E48F900D9CFE2 /* ASIS3ListRequest.m */ = {isa = PBXFileReference; fileEncoding = 4; lastKnownFileType = sourcecode.c.objc; path = ASIS3ListRequest.m; sourceTree = "<group>"; };
		E659C103109E48F900D9CFE2 /* ASIS3Request.h */ = {isa = PBXFileReference; fileEncoding = 4; lastKnownFileType = sourcecode.c.h; path = ASIS3Request.h; sourceTree = "<group>"; };
		E659C104109E48F900D9CFE2 /* ASIS3Request.m */ = {isa = PBXFileReference; fileEncoding = 4; lastKnownFileType = sourcecode.c.objc; path = ASIS3Request.m; sourceTree = "<group>"; };
		E659C11D109E492300D9CFE2 /* UIKit.framework */ = {isa = PBXFileReference; lastKnownFileType = wrapper.framework; name = UIKit.framework; path = System/Library/Frameworks/UIKit.framework; sourceTree = SDKROOT; };
		E659C12A109E494200D9CFE2 /* Reachability.h */ = {isa = PBXFileReference; fileEncoding = 4; lastKnownFileType = sourcecode.c.h; path = Reachability.h; sourceTree = "<group>"; };
		E659C12B109E494200D9CFE2 /* Reachability.m */ = {isa = PBXFileReference; fileEncoding = 4; lastKnownFileType = sourcecode.c.objc; path = Reachability.m; sourceTree = "<group>"; };
		E659C1C3109E497000D9CFE2 /* CFNetwork.framework */ = {isa = PBXFileReference; lastKnownFileType = wrapper.framework; name = CFNetwork.framework; path = System/Library/Frameworks/CFNetwork.framework; sourceTree = SDKROOT; };
		E659C1C7109E497D00D9CFE2 /* SystemConfiguration.framework */ = {isa = PBXFileReference; lastKnownFileType = wrapper.framework; name = SystemConfiguration.framework; path = System/Library/Frameworks/SystemConfiguration.framework; sourceTree = SDKROOT; };
		E659C1CB109E498100D9CFE2 /* libz.dylib */ = {isa = PBXFileReference; lastKnownFileType = "compiled.mach-o.dylib"; name = libz.dylib; path = usr/lib/libz.dylib; sourceTree = SDKROOT; };
		E659C308109E523500D9CFE2 /* JSON.h */ = {isa = PBXFileReference; fileEncoding = 4; lastKnownFileType = sourcecode.c.h; path = JSON.h; sourceTree = "<group>"; };
		E659C309109E523500D9CFE2 /* NSObject+SBJSON.h */ = {isa = PBXFileReference; fileEncoding = 4; lastKnownFileType = sourcecode.c.h; path = "NSObject+SBJSON.h"; sourceTree = "<group>"; };
		E659C30A109E523500D9CFE2 /* NSObject+SBJSON.m */ = {isa = PBXFileReference; fileEncoding = 4; lastKnownFileType = sourcecode.c.objc; path = "NSObject+SBJSON.m"; sourceTree = "<group>"; };
		E659C30B109E523500D9CFE2 /* NSString+SBJSON.h */ = {isa = PBXFileReference; fileEncoding = 4; lastKnownFileType = sourcecode.c.h; path = "NSString+SBJSON.h"; sourceTree = "<group>"; };
		E659C30C109E523500D9CFE2 /* NSString+SBJSON.m */ = {isa = PBXFileReference; fileEncoding = 4; lastKnownFileType = sourcecode.c.objc; path = "NSString+SBJSON.m"; sourceTree = "<group>"; };
		E659C30D109E523500D9CFE2 /* SBJSON.h */ = {isa = PBXFileReference; fileEncoding = 4; lastKnownFileType = sourcecode.c.h; path = SBJSON.h; sourceTree = "<group>"; };
		E659C30E109E523500D9CFE2 /* SBJSON.m */ = {isa = PBXFileReference; fileEncoding = 4; lastKnownFileType = sourcecode.c.objc; path = SBJSON.m; sourceTree = "<group>"; };
		E659C30F109E523500D9CFE2 /* SBJsonBase.h */ = {isa = PBXFileReference; fileEncoding = 4; lastKnownFileType = sourcecode.c.h; path = SBJsonBase.h; sourceTree = "<group>"; };
		E659C310109E523500D9CFE2 /* SBJsonBase.m */ = {isa = PBXFileReference; fileEncoding = 4; lastKnownFileType = sourcecode.c.objc; path = SBJsonBase.m; sourceTree = "<group>"; };
		E659C311109E523500D9CFE2 /* SBJsonParser.h */ = {isa = PBXFileReference; fileEncoding = 4; lastKnownFileType = sourcecode.c.h; path = SBJsonParser.h; sourceTree = "<group>"; };
		E659C312109E523500D9CFE2 /* SBJsonParser.m */ = {isa = PBXFileReference; fileEncoding = 4; lastKnownFileType = sourcecode.c.objc; path = SBJsonParser.m; sourceTree = "<group>"; };
		E659C313109E523500D9CFE2 /* SBJsonWriter.h */ = {isa = PBXFileReference; fileEncoding = 4; lastKnownFileType = sourcecode.c.h; path = SBJsonWriter.h; sourceTree = "<group>"; };
		E659C314109E523500D9CFE2 /* SBJsonWriter.m */ = {isa = PBXFileReference; fileEncoding = 4; lastKnownFileType = sourcecode.c.objc; path = SBJsonWriter.m; sourceTree = "<group>"; };
		E659C34C109E553F00D9CFE2 /* RemotingTests.octest */ = {isa = PBXFileReference; explicitFileType = wrapper.cfbundle; includeInIndex = 0; path = RemotingTests.octest; sourceTree = BUILT_PRODUCTS_DIR; };
		E659C34D109E553F00D9CFE2 /* RemotingTests-Info.plist */ = {isa = PBXFileReference; lastKnownFileType = text.plist.xml; path = "RemotingTests-Info.plist"; sourceTree = "<group>"; };
		E664DBD010AF914700B1418A /* RMCallTests.h */ = {isa = PBXFileReference; fileEncoding = 4; lastKnownFileType = sourcecode.c.h; path = RMCallTests.h; sourceTree = "<group>"; };
		E664DBD110AF914700B1418A /* RMCallTests.m */ = {isa = PBXFileReference; fileEncoding = 4; lastKnownFileType = sourcecode.c.objc; path = RMCallTests.m; sourceTree = "<group>"; };
		E664DC2010AFB71500B1418A /* MockProtocol.h */ = {isa = PBXFileReference; fileEncoding = 4; lastKnownFileType = sourcecode.c.h; path = MockProtocol.h; sourceTree = "<group>"; };
		E664DC2110AFB71500B1418A /* MockProtocol.m */ = {isa = PBXFileReference; fileEncoding = 4; lastKnownFileType = sourcecode.c.objc; path = MockProtocol.m; sourceTree = "<group>"; };
		E664DC2710AFB77700B1418A /* WIRemoting.h */ = {isa = PBXFileReference; fileEncoding = 4; lastKnownFileType = sourcecode.c.h; path = WIRemoting.h; sourceTree = "<group>"; };
		E667E41E10C7240300EC0CA0 /* RMResultDelegateWrapper.h */ = {isa = PBXFileReference; fileEncoding = 4; lastKnownFileType = sourcecode.c.h; path = RMResultDelegateWrapper.h; sourceTree = "<group>"; };
		E667E41F10C7240300EC0CA0 /* RMResultDelegateWrapper.m */ = {isa = PBXFileReference; fileEncoding = 4; lastKnownFileType = sourcecode.c.objc; path = RMResultDelegateWrapper.m; sourceTree = "<group>"; };
		E667E4CF10C73B3B00EC0CA0 /* MockProtocol2.h */ = {isa = PBXFileReference; fileEncoding = 4; lastKnownFileType = sourcecode.c.h; path = MockProtocol2.h; sourceTree = "<group>"; };
		E667E4D010C73B3B00EC0CA0 /* MockProtocol2.m */ = {isa = PBXFileReference; fileEncoding = 4; lastKnownFileType = sourcecode.c.objc; path = MockProtocol2.m; sourceTree = "<group>"; };
		E67A9F3910CF020800F520FA /* GetCoursesViewController.h */ = {isa = PBXFileReference; fileEncoding = 4; lastKnownFileType = sourcecode.c.h; path = GetCoursesViewController.h; sourceTree = "<group>"; };
		E67A9F3A10CF020800F520FA /* GetCoursesViewController.m */ = {isa = PBXFileReference; fileEncoding = 4; lastKnownFileType = sourcecode.c.objc; path = GetCoursesViewController.m; sourceTree = "<group>"; };
		E67A9F8A10CF059700F520FA /* ShowCourseViewController.h */ = {isa = PBXFileReference; fileEncoding = 4; lastKnownFileType = sourcecode.c.h; path = ShowCourseViewController.h; sourceTree = "<group>"; };
		E67A9F8B10CF059700F520FA /* ShowCourseViewController.m */ = {isa = PBXFileReference; fileEncoding = 4; lastKnownFileType = sourcecode.c.objc; path = ShowCourseViewController.m; sourceTree = "<group>"; };
		E67AA06C10CF0E6A00F520FA /* CourseDetailResultViewController.h */ = {isa = PBXFileReference; fileEncoding = 4; lastKnownFileType = sourcecode.c.h; path = CourseDetailResultViewController.h; sourceTree = "<group>"; };
		E67AA06D10CF0E6A00F520FA /* CourseDetailResultViewController.m */ = {isa = PBXFileReference; fileEncoding = 4; lastKnownFileType = sourcecode.c.objc; path = CourseDetailResultViewController.m; sourceTree = "<group>"; };
		E67AA1EC10CF2DF100F520FA /* LoginViewController.h */ = {isa = PBXFileReference; fileEncoding = 4; lastKnownFileType = sourcecode.c.h; path = LoginViewController.h; sourceTree = "<group>"; };
		E67AA1ED10CF2DF100F520FA /* LoginViewController.m */ = {isa = PBXFileReference; fileEncoding = 4; lastKnownFileType = sourcecode.c.objc; path = LoginViewController.m; sourceTree = "<group>"; };
		E67AA29C10CF33EF00F520FA /* moodle.png */ = {isa = PBXFileReference; lastKnownFileType = image.png; path = moodle.png; sourceTree = "<group>"; };
		E685BDEE10C7EB63003E4873 /* MockProtocolShouldSend.h */ = {isa = PBXFileReference; fileEncoding = 4; lastKnownFileType = sourcecode.c.h; path = MockProtocolShouldSend.h; sourceTree = "<group>"; };
		E685BDEF10C7EB63003E4873 /* MockProtocolShouldSend.m */ = {isa = PBXFileReference; fileEncoding = 4; lastKnownFileType = sourcecode.c.objc; path = MockProtocolShouldSend.m; sourceTree = "<group>"; };
		E685BE5810C7FA39003E4873 /* RMSessionTests.h */ = {isa = PBXFileReference; fileEncoding = 4; lastKnownFileType = sourcecode.c.h; path = RMSessionTests.h; sourceTree = "<group>"; };
		E685BE5910C7FA39003E4873 /* RMSessionTests.m */ = {isa = PBXFileReference; fileEncoding = 4; lastKnownFileType = sourcecode.c.objc; path = RMSessionTests.m; sourceTree = "<group>"; };
		E685BE8D10C7FDE7003E4873 /* MockSessionProtocol.h */ = {isa = PBXFileReference; fileEncoding = 4; lastKnownFileType = sourcecode.c.h; path = MockSessionProtocol.h; sourceTree = "<group>"; };
		E685BE8E10C7FDE7003E4873 /* MockSessionProtocol.m */ = {isa = PBXFileReference; fileEncoding = 4; lastKnownFileType = sourcecode.c.objc; path = MockSessionProtocol.m; sourceTree = "<group>"; };
		E685C0A310C89AC1003E4873 /* MoodleCallProtocol.h */ = {isa = PBXFileReference; fileEncoding = 4; lastKnownFileType = sourcecode.c.h; path = MoodleCallProtocol.h; sourceTree = "<group>"; };
		E685C0A410C89AC1003E4873 /* MoodleCallProtocol.m */ = {isa = PBXFileReference; fileEncoding = 4; lastKnownFileType = sourcecode.c.objc; path = MoodleCallProtocol.m; sourceTree = "<group>"; };
		E685C0AB10C89B01003E4873 /* MoodleAuthenticator.h */ = {isa = PBXFileReference; fileEncoding = 4; lastKnownFileType = sourcecode.c.h; path = MoodleAuthenticator.h; sourceTree = "<group>"; };
		E685C0AC10C89B01003E4873 /* MoodleAuthenticator.m */ = {isa = PBXFileReference; fileEncoding = 4; lastKnownFileType = sourcecode.c.objc; path = MoodleAuthenticator.m; sourceTree = "<group>"; };
		E685C0B510C89B48003E4873 /* Moodle.h */ = {isa = PBXFileReference; fileEncoding = 4; lastKnownFileType = sourcecode.c.h; path = Moodle.h; sourceTree = "<group>"; };
		E685C0B610C89B48003E4873 /* Moodle.m */ = {isa = PBXFileReference; fileEncoding = 4; lastKnownFileType = sourcecode.c.objc; path = Moodle.m; sourceTree = "<group>"; };
		E6E4753410CEA97600C5E68C /* MoodleTests.h */ = {isa = PBXFileReference; fileEncoding = 4; lastKnownFileType = sourcecode.c.h; path = MoodleTests.h; sourceTree = "<group>"; };
		E6E4753510CEA97600C5E68C /* MoodleTests.m */ = {isa = PBXFileReference; fileEncoding = 4; lastKnownFileType = sourcecode.c.objc; path = MoodleTests.m; sourceTree = "<group>"; };
		E6E476F910CED08500C5E68C /* Moodle.app */ = {isa = PBXFileReference; explicitFileType = wrapper.application; includeInIndex = 0; path = Moodle.app; sourceTree = BUILT_PRODUCTS_DIR; };
		E6E476FB10CED08500C5E68C /* Moodle-Info.plist */ = {isa = PBXFileReference; lastKnownFileType = text.plist.xml; path = "Moodle-Info.plist"; sourceTree = "<group>"; };
		E6E477D310CED1C100C5E68C /* MoodleExampleAppDelegate.h */ = {isa = PBXFileReference; fileEncoding = 4; lastKnownFileType = sourcecode.c.h; path = MoodleExampleAppDelegate.h; sourceTree = "<group>"; };
		E6E477D410CED1C100C5E68C /* MoodleExampleAppDelegate.m */ = {isa = PBXFileReference; fileEncoding = 4; lastKnownFileType = sourcecode.c.objc; path = MoodleExampleAppDelegate.m; sourceTree = "<group>"; };
		E6E477DA10CED21900C5E68C /* RootViewController.xib */ = {isa = PBXFileReference; lastKnownFileType = file.xib; path = RootViewController.xib; sourceTree = "<group>"; };
		E6E477DB10CED21900C5E68C /* MainWindow.xib */ = {isa = PBXFileReference; lastKnownFileType = file.xib; path = MainWindow.xib; sourceTree = "<group>"; };
		E6E477E210CED27200C5E68C /* RootViewController.h */ = {isa = PBXFileReference; fileEncoding = 4; lastKnownFileType = sourcecode.c.h; path = RootViewController.h; sourceTree = "<group>"; };
		E6E477E310CED27200C5E68C /* RootViewController.m */ = {isa = PBXFileReference; fileEncoding = 4; lastKnownFileType = sourcecode.c.objc; path = RootViewController.m; sourceTree = "<group>"; };
		E6E477F010CED2A100C5E68C /* main.m */ = {isa = PBXFileReference; fileEncoding = 4; lastKnownFileType = sourcecode.c.objc; path = main.m; sourceTree = "<group>"; };
		E6E4784310CEE7BA00C5E68C /* LoginViewController.xib */ = {isa = PBXFileReference; lastKnownFileType = file.xib; name = LoginViewController.xib; path = ../LoginViewController.xib; sourceTree = "<group>"; };
		E6E4794310CEF0A600C5E68C /* MoodleResultViewController.h */ = {isa = PBXFileReference; fileEncoding = 4; lastKnownFileType = sourcecode.c.h; path = MoodleResultViewController.h; sourceTree = "<group>"; };
		E6E4794410CEF0A600C5E68C /* MoodleResultViewController.m */ = {isa = PBXFileReference; fileEncoding = 4; lastKnownFileType = sourcecode.c.objc; path = MoodleResultViewController.m; sourceTree = "<group>"; };
		E6E479F710CEF85800C5E68C /* LogoutViewController.h */ = {isa = PBXFileReference; fileEncoding = 4; lastKnownFileType = sourcecode.c.h; path = LogoutViewController.h; sourceTree = "<group>"; };
		E6E479F810CEF85800C5E68C /* LogoutViewController.m */ = {isa = PBXFileReference; fileEncoding = 4; lastKnownFileType = sourcecode.c.objc; path = LogoutViewController.m; sourceTree = "<group>"; };
		E6FA4331109E806F00385C66 /* RMSession.h */ = {isa = PBXFileReference; fileEncoding = 4; lastKnownFileType = sourcecode.c.h; path = RMSession.h; sourceTree = "<group>"; };
		E6FA4332109E806F00385C66 /* RMSession.m */ = {isa = PBXFileReference; fileEncoding = 4; lastKnownFileType = sourcecode.c.objc; path = RMSession.m; sourceTree = "<group>"; };
		E6FA433D109E849300385C66 /* RMCall.h */ = {isa = PBXFileReference; fileEncoding = 4; lastKnownFileType = sourcecode.c.h; path = RMCall.h; sourceTree = "<group>"; };
		E6FA433E109E849300385C66 /* RMCall.m */ = {isa = PBXFileReference; fileEncoding = 4; lastKnownFileType = sourcecode.c.objc; path = RMCall.m; sourceTree = "<group>"; };
		E6FA4388109E896800385C66 /* RMResponse.h */ = {isa = PBXFileReference; fileEncoding = 4; lastKnownFileType = sourcecode.c.h; path = RMResponse.h; sourceTree = "<group>"; };
		E6FA4389109E896800385C66 /* RMResponse.m */ = {isa = PBXFileReference; fileEncoding = 4; lastKnownFileType = sourcecode.c.objc; path = RMResponse.m; sourceTree = "<group>"; };
/* End PBXFileReference section */

/* Begin PBXFrameworksBuildPhase section */
		D2AAC07C0554694100DB518D /* Frameworks */ = {
			isa = PBXFrameworksBuildPhase;
			buildActionMask = 2147483647;
			files = (
				AACBBE4A0F95108600F1A2B1 /* Foundation.framework in Frameworks */,
				E659C11E109E492300D9CFE2 /* UIKit.framework in Frameworks */,
				E659C1C4109E497000D9CFE2 /* CFNetwork.framework in Frameworks */,
				E659C1C8109E497D00D9CFE2 /* SystemConfiguration.framework in Frameworks */,
				E659C1CC109E498100D9CFE2 /* libz.dylib in Frameworks */,
			);
			runOnlyForDeploymentPostprocessing = 0;
		};
		E659C349109E553F00D9CFE2 /* Frameworks */ = {
			isa = PBXFrameworksBuildPhase;
			buildActionMask = 2147483647;
			files = (
				E659C353109E555700D9CFE2 /* libz.dylib in Frameworks */,
				E659C354109E555800D9CFE2 /* Foundation.framework in Frameworks */,
				E659C355109E555900D9CFE2 /* CFNetwork.framework in Frameworks */,
				E659C356109E555F00D9CFE2 /* SystemConfiguration.framework in Frameworks */,
				E659C357109E556000D9CFE2 /* UIKit.framework in Frameworks */,
				E667E5C810C74AE900EC0CA0 /* libWIRemoting.a in Frameworks */,
			);
			runOnlyForDeploymentPostprocessing = 0;
		};
		E6E476F710CED08500C5E68C /* Frameworks */ = {
			isa = PBXFrameworksBuildPhase;
			buildActionMask = 2147483647;
			files = (
				E6E477B110CED0FD00C5E68C /* UIKit.framework in Frameworks */,
				E6E477B210CED0FE00C5E68C /* SystemConfiguration.framework in Frameworks */,
				E6E477B310CED0FE00C5E68C /* libz.dylib in Frameworks */,
				E6E477B410CED0FF00C5E68C /* Foundation.framework in Frameworks */,
				E6E477B510CED0FF00C5E68C /* CFNetwork.framework in Frameworks */,
				E6E4789110CEEA6200C5E68C /* libWIRemoting.a in Frameworks */,
			);
			runOnlyForDeploymentPostprocessing = 0;
		};
/* End PBXFrameworksBuildPhase section */

/* Begin PBXGroup section */
		034768DFFF38A50411DB9C8B /* Products */ = {
			isa = PBXGroup;
			children = (
				D2AAC07E0554694100DB518D /* libWIRemoting.a */,
				E659C34C109E553F00D9CFE2 /* RemotingTests.octest */,
				E6E476F910CED08500C5E68C /* Moodle.app */,
			);
			name = Products;
			sourceTree = "<group>";
		};
		0867D691FE84028FC02AAC07 /* WIRemoting */ = {
			isa = PBXGroup;
			children = (
				E685C09610C899B3003E4873 /* Source */,
				32C88DFF0371C24200C91783 /* Other Sources */,
				E659C304109E51FE00D9CFE2 /* Third Party */,
				0867D69AFE84028FC02AAC07 /* Frameworks */,
				034768DFFF38A50411DB9C8B /* Products */,
				E659C34D109E553F00D9CFE2 /* RemotingTests-Info.plist */,
				E6E476FB10CED08500C5E68C /* Moodle-Info.plist */,
			);
			name = WIRemoting;
			sourceTree = "<group>";
		};
		0867D69AFE84028FC02AAC07 /* Frameworks */ = {
			isa = PBXGroup;
			children = (
				E659C1C3109E497000D9CFE2 /* CFNetwork.framework */,
				E659C1C7109E497D00D9CFE2 /* SystemConfiguration.framework */,
				E659C1CB109E498100D9CFE2 /* libz.dylib */,
				E659C11D109E492300D9CFE2 /* UIKit.framework */,
				AACBBE490F95108600F1A2B1 /* Foundation.framework */,
			);
			name = Frameworks;
			sourceTree = "<group>";
		};
		08FB77AEFE84172EC02AAC07 /* Classes */ = {
			isa = PBXGroup;
			children = (
				E667E41E10C7240300EC0CA0 /* RMResultDelegateWrapper.h */,
				E667E41F10C7240300EC0CA0 /* RMResultDelegateWrapper.m */,
				E6FA4331109E806F00385C66 /* RMSession.h */,
				E6FA4332109E806F00385C66 /* RMSession.m */,
				E6FA433D109E849300385C66 /* RMCall.h */,
				E6FA433E109E849300385C66 /* RMCall.m */,
				E6FA4388109E896800385C66 /* RMResponse.h */,
				E6FA4389109E896800385C66 /* RMResponse.m */,
				E664DC2710AFB77700B1418A /* WIRemoting.h */,
			);
			path = Classes;
			sourceTree = "<group>";
		};
		32C88DFF0371C24200C91783 /* Other Sources */ = {
			isa = PBXGroup;
			children = (
				AA747D9E0F9514B9006C5449 /* WIRemoting_Prefix.pch */,
			);
			name = "Other Sources";
			sourceTree = "<group>";
		};
		E659C201109E4A3700D9CFE2 /* ASIHTTPRequest */ = {
			isa = PBXGroup;
			children = (
				E659C12A109E494200D9CFE2 /* Reachability.h */,
				E659C12B109E494200D9CFE2 /* Reachability.m */,
				E659C0F3109E48F900D9CFE2 /* ASIAuthenticationDialog.h */,
				E659C0F4109E48F900D9CFE2 /* ASIAuthenticationDialog.m */,
				E659C0F5109E48F900D9CFE2 /* ASIFormDataRequest.h */,
				E659C0F6109E48F900D9CFE2 /* ASIFormDataRequest.m */,
				E659C0F7109E48F900D9CFE2 /* ASIHTTPRequest.h */,
				E659C0F8109E48F900D9CFE2 /* ASIHTTPRequest.m */,
				E659C0F9109E48F900D9CFE2 /* ASIInputStream.h */,
				E659C0FA109E48F900D9CFE2 /* ASIInputStream.m */,
				E659C0FB109E48F900D9CFE2 /* ASINetworkQueue.h */,
				E659C0FC109E48F900D9CFE2 /* ASINetworkQueue.m */,
				E659C0FD109E48F900D9CFE2 /* ASINSStringAdditions.h */,
				E659C0FE109E48F900D9CFE2 /* ASINSStringAdditions.m */,
				E659C0FF109E48F900D9CFE2 /* ASIS3BucketObject.h */,
				E659C100109E48F900D9CFE2 /* ASIS3BucketObject.m */,
				E659C101109E48F900D9CFE2 /* ASIS3ListRequest.h */,
				E659C102109E48F900D9CFE2 /* ASIS3ListRequest.m */,
				E659C103109E48F900D9CFE2 /* ASIS3Request.h */,
				E659C104109E48F900D9CFE2 /* ASIS3Request.m */,
			);
			path = ASIHTTPRequest;
			sourceTree = "<group>";
		};
		E659C289109E4E0200D9CFE2 /* Tests */ = {
			isa = PBXGroup;
			children = (
				E6E4753310CEA92F00C5E68C /* Moodle */,
				E664DBC810AF90D400B1418A /* UnitTests */,
			);
			path = Tests;
			sourceTree = "<group>";
		};
		E659C303109E51F100D9CFE2 /* JSON */ = {
			isa = PBXGroup;
			children = (
				E659C308109E523500D9CFE2 /* JSON.h */,
				E659C309109E523500D9CFE2 /* NSObject+SBJSON.h */,
				E659C30A109E523500D9CFE2 /* NSObject+SBJSON.m */,
				E659C30B109E523500D9CFE2 /* NSString+SBJSON.h */,
				E659C30C109E523500D9CFE2 /* NSString+SBJSON.m */,
				E659C30D109E523500D9CFE2 /* SBJSON.h */,
				E659C30E109E523500D9CFE2 /* SBJSON.m */,
				E659C30F109E523500D9CFE2 /* SBJsonBase.h */,
				E659C310109E523500D9CFE2 /* SBJsonBase.m */,
				E659C311109E523500D9CFE2 /* SBJsonParser.h */,
				E659C312109E523500D9CFE2 /* SBJsonParser.m */,
				E659C313109E523500D9CFE2 /* SBJsonWriter.h */,
				E659C314109E523500D9CFE2 /* SBJsonWriter.m */,
			);
			path = JSON;
			sourceTree = "<group>";
		};
		E659C304109E51FE00D9CFE2 /* Third Party */ = {
			isa = PBXGroup;
			children = (
				E659C303109E51F100D9CFE2 /* JSON */,
				E659C201109E4A3700D9CFE2 /* ASIHTTPRequest */,
			);
			name = "Third Party";
			sourceTree = "<group>";
		};
		E664DBC810AF90D400B1418A /* UnitTests */ = {
			isa = PBXGroup;
			children = (
				E664DBD010AF914700B1418A /* RMCallTests.h */,
				E664DBD110AF914700B1418A /* RMCallTests.m */,
				E664DC2010AFB71500B1418A /* MockProtocol.h */,
				E664DC2110AFB71500B1418A /* MockProtocol.m */,
				E667E4CF10C73B3B00EC0CA0 /* MockProtocol2.h */,
				E667E4D010C73B3B00EC0CA0 /* MockProtocol2.m */,
				E685BDEE10C7EB63003E4873 /* MockProtocolShouldSend.h */,
				E685BDEF10C7EB63003E4873 /* MockProtocolShouldSend.m */,
				E685BE5810C7FA39003E4873 /* RMSessionTests.h */,
				E685BE5910C7FA39003E4873 /* RMSessionTests.m */,
				E685BE8D10C7FDE7003E4873 /* MockSessionProtocol.h */,
				E685BE8E10C7FDE7003E4873 /* MockSessionProtocol.m */,
			);
			path = UnitTests;
			sourceTree = "<group>";
		};
		E685C09310C8994F003E4873 /* Moodle */ = {
			isa = PBXGroup;
			children = (
				E6E477C310CED13600C5E68C /* Resources */,
				E6E477F010CED2A100C5E68C /* main.m */,
				E6E477E210CED27200C5E68C /* RootViewController.h */,
				E6E477E310CED27200C5E68C /* RootViewController.m */,
				E685C0A310C89AC1003E4873 /* MoodleCallProtocol.h */,
				E685C0A410C89AC1003E4873 /* MoodleCallProtocol.m */,
				E685C0AB10C89B01003E4873 /* MoodleAuthenticator.h */,
				E685C0AC10C89B01003E4873 /* MoodleAuthenticator.m */,
				E685C0B510C89B48003E4873 /* Moodle.h */,
				E685C0B610C89B48003E4873 /* Moodle.m */,
				E6E477D310CED1C100C5E68C /* MoodleExampleAppDelegate.h */,
				E6E477D410CED1C100C5E68C /* MoodleExampleAppDelegate.m */,
				E6E4794310CEF0A600C5E68C /* MoodleResultViewController.h */,
				E6E4794410CEF0A600C5E68C /* MoodleResultViewController.m */,
				E6E479F710CEF85800C5E68C /* LogoutViewController.h */,
				E6E479F810CEF85800C5E68C /* LogoutViewController.m */,
				E67A9F3910CF020800F520FA /* GetCoursesViewController.h */,
				E67A9F3A10CF020800F520FA /* GetCoursesViewController.m */,
				E67A9F8A10CF059700F520FA /* ShowCourseViewController.h */,
				E67A9F8B10CF059700F520FA /* ShowCourseViewController.m */,
				E67AA06C10CF0E6A00F520FA /* CourseDetailResultViewController.h */,
				E67AA06D10CF0E6A00F520FA /* CourseDetailResultViewController.m */,
				E67AA1EC10CF2DF100F520FA /* LoginViewController.h */,
				E67AA1ED10CF2DF100F520FA /* LoginViewController.m */,
			);
			path = Moodle;
			sourceTree = "<group>";
		};
		E685C09610C899B3003E4873 /* Source */ = {
			isa = PBXGroup;
			children = (
				E685C09310C8994F003E4873 /* Moodle */,
				08FB77AEFE84172EC02AAC07 /* Classes */,
				E659C289109E4E0200D9CFE2 /* Tests */,
			);
			path = Source;
			sourceTree = "<group>";
		};
		E6E4753310CEA92F00C5E68C /* Moodle */ = {
			isa = PBXGroup;
			children = (
				E6E4753410CEA97600C5E68C /* MoodleTests.h */,
				E6E4753510CEA97600C5E68C /* MoodleTests.m */,
			);
			path = Moodle;
			sourceTree = "<group>";
		};
		E6E477C310CED13600C5E68C /* Resources */ = {
			isa = PBXGroup;
			children = (
				E67AA29C10CF33EF00F520FA /* moodle.png */,
				E6E4784310CEE7BA00C5E68C /* LoginViewController.xib */,
				E6E477DA10CED21900C5E68C /* RootViewController.xib */,
				E6E477DB10CED21900C5E68C /* MainWindow.xib */,
			);
			path = Resources;
			sourceTree = "<group>";
		};
/* End PBXGroup section */

/* Begin PBXHeadersBuildPhase section */
		D2AAC07A0554694100DB518D /* Headers */ = {
			isa = PBXHeadersBuildPhase;
			buildActionMask = 2147483647;
			files = (
				AA747D9F0F9514B9006C5449 /* WIRemoting_Prefix.pch in Headers */,
				E659C105109E48F900D9CFE2 /* ASIAuthenticationDialog.h in Headers */,
				E659C107109E48F900D9CFE2 /* ASIFormDataRequest.h in Headers */,
				E659C109109E48F900D9CFE2 /* ASIHTTPRequest.h in Headers */,
				E659C10B109E48F900D9CFE2 /* ASIInputStream.h in Headers */,
				E659C10D109E48F900D9CFE2 /* ASINetworkQueue.h in Headers */,
				E659C10F109E48F900D9CFE2 /* ASINSStringAdditions.h in Headers */,
				E659C111109E48F900D9CFE2 /* ASIS3BucketObject.h in Headers */,
				E659C113109E48F900D9CFE2 /* ASIS3ListRequest.h in Headers */,
				E659C115109E48F900D9CFE2 /* ASIS3Request.h in Headers */,
				E659C12C109E494200D9CFE2 /* Reachability.h in Headers */,
				E659C315109E523500D9CFE2 /* JSON.h in Headers */,
				E659C316109E523500D9CFE2 /* NSObject+SBJSON.h in Headers */,
				E659C318109E523500D9CFE2 /* NSString+SBJSON.h in Headers */,
				E659C31A109E523500D9CFE2 /* SBJSON.h in Headers */,
				E659C31C109E523500D9CFE2 /* SBJsonBase.h in Headers */,
				E659C31E109E523500D9CFE2 /* SBJsonParser.h in Headers */,
				E659C320109E523500D9CFE2 /* SBJsonWriter.h in Headers */,
				E6FA4333109E806F00385C66 /* RMSession.h in Headers */,
				E6FA433F109E849300385C66 /* RMCall.h in Headers */,
				E6FA438A109E896800385C66 /* RMResponse.h in Headers */,
				E664DC2810AFB77D00B1418A /* WIRemoting.h in Headers */,
				E685C0AD10C89B01003E4873 /* MoodleAuthenticator.h in Headers */,
				E685C0B710C89B48003E4873 /* Moodle.h in Headers */,
				E6E4789A10CEEA8300C5E68C /* RMResultDelegateWrapper.h in Headers */,
			);
			runOnlyForDeploymentPostprocessing = 0;
		};
/* End PBXHeadersBuildPhase section */

/* Begin PBXNativeTarget section */
		D2AAC07D0554694100DB518D /* WIRemoting */ = {
			isa = PBXNativeTarget;
			buildConfigurationList = 1DEB921E08733DC00010E9CD /* Build configuration list for PBXNativeTarget "WIRemoting" */;
			buildPhases = (
				D2AAC07A0554694100DB518D /* Headers */,
				D2AAC07B0554694100DB518D /* Sources */,
				D2AAC07C0554694100DB518D /* Frameworks */,
			);
			buildRules = (
			);
			dependencies = (
			);
			name = WIRemoting;
			productName = WIRemoting;
			productReference = D2AAC07E0554694100DB518D /* libWIRemoting.a */;
			productType = "com.apple.product-type.library.static";
		};
		E659C34B109E553F00D9CFE2 /* RemotingTests */ = {
			isa = PBXNativeTarget;
			buildConfigurationList = E659C350109E554000D9CFE2 /* Build configuration list for PBXNativeTarget "RemotingTests" */;
			buildPhases = (
				E659C347109E553F00D9CFE2 /* Resources */,
				E659C348109E553F00D9CFE2 /* Sources */,
				E659C349109E553F00D9CFE2 /* Frameworks */,
				E659C34A109E553F00D9CFE2 /* ShellScript */,
			);
			buildRules = (
			);
			dependencies = (
				E667E36F10C71C7E00EC0CA0 /* PBXTargetDependency */,
			);
			name = RemotingTests;
			productName = RemotingTests;
			productReference = E659C34C109E553F00D9CFE2 /* RemotingTests.octest */;
			productType = "com.apple.product-type.bundle";
		};
		E6E476F810CED08500C5E68C /* Moodle */ = {
			isa = PBXNativeTarget;
			buildConfigurationList = E6E476FE10CED08600C5E68C /* Build configuration list for PBXNativeTarget "Moodle" */;
			buildPhases = (
				E6E476F510CED08500C5E68C /* Resources */,
				E6E476F610CED08500C5E68C /* Sources */,
				E6E476F710CED08500C5E68C /* Frameworks */,
			);
			buildRules = (
			);
			dependencies = (
				E6E4770010CED09900C5E68C /* PBXTargetDependency */,
			);
			name = Moodle;
			productName = "Moodle Example";
			productReference = E6E476F910CED08500C5E68C /* Moodle.app */;
			productType = "com.apple.product-type.application";
		};
/* End PBXNativeTarget section */

/* Begin PBXProject section */
		0867D690FE84028FC02AAC07 /* Project object */ = {
			isa = PBXProject;
			buildConfigurationList = 1DEB922208733DC00010E9CD /* Build configuration list for PBXProject "WIRemoting" */;
			compatibilityVersion = "Xcode 3.1";
			hasScannedForEncodings = 1;
			mainGroup = 0867D691FE84028FC02AAC07 /* WIRemoting */;
			productRefGroup = 034768DFFF38A50411DB9C8B /* Products */;
			projectDirPath = "";
			projectRoot = "";
			targets = (
				D2AAC07D0554694100DB518D /* WIRemoting */,
				E659C34B109E553F00D9CFE2 /* RemotingTests */,
				E6E476F810CED08500C5E68C /* Moodle */,
			);
		};
/* End PBXProject section */

/* Begin PBXResourcesBuildPhase section */
		E659C347109E553F00D9CFE2 /* Resources */ = {
			isa = PBXResourcesBuildPhase;
			buildActionMask = 2147483647;
			files = (
				E6E4753610CEA97600C5E68C /* MoodleTests.m in Resources */,
			);
			runOnlyForDeploymentPostprocessing = 0;
		};
		E6E476F510CED08500C5E68C /* Resources */ = {
			isa = PBXResourcesBuildPhase;
			buildActionMask = 2147483647;
			files = (
				E6E477DC10CED21900C5E68C /* RootViewController.xib in Resources */,
				E6E477DD10CED21900C5E68C /* MainWindow.xib in Resources */,
				E6E4784510CEE7BA00C5E68C /* LoginViewController.xib in Resources */,
				E67AA29D10CF33EF00F520FA /* moodle.png in Resources */,
			);
			runOnlyForDeploymentPostprocessing = 0;
		};
/* End PBXResourcesBuildPhase section */

/* Begin PBXShellScriptBuildPhase section */
		E659C34A109E553F00D9CFE2 /* ShellScript */ = {
			isa = PBXShellScriptBuildPhase;
			buildActionMask = 2147483647;
			files = (
			);
			inputPaths = (
			);
			outputPaths = (
			);
			runOnlyForDeploymentPostprocessing = 0;
			shellPath = /bin/sh;
			shellScript = "# Run the unit tests in this test bundle.\n\"${SYSTEM_DEVELOPER_DIR}/Tools/RunUnitTests\"\n";
		};
/* End PBXShellScriptBuildPhase section */

/* Begin PBXSourcesBuildPhase section */
		D2AAC07B0554694100DB518D /* Sources */ = {
			isa = PBXSourcesBuildPhase;
			buildActionMask = 2147483647;
			files = (
				E659C106109E48F900D9CFE2 /* ASIAuthenticationDialog.m in Sources */,
				E659C108109E48F900D9CFE2 /* ASIFormDataRequest.m in Sources */,
				E659C10A109E48F900D9CFE2 /* ASIHTTPRequest.m in Sources */,
				E659C10C109E48F900D9CFE2 /* ASIInputStream.m in Sources */,
				E659C10E109E48F900D9CFE2 /* ASINetworkQueue.m in Sources */,
				E659C110109E48F900D9CFE2 /* ASINSStringAdditions.m in Sources */,
				E659C112109E48F900D9CFE2 /* ASIS3BucketObject.m in Sources */,
				E659C114109E48F900D9CFE2 /* ASIS3ListRequest.m in Sources */,
				E659C116109E48F900D9CFE2 /* ASIS3Request.m in Sources */,
				E659C12D109E494200D9CFE2 /* Reachability.m in Sources */,
				E659C317109E523500D9CFE2 /* NSObject+SBJSON.m in Sources */,
				E659C319109E523500D9CFE2 /* NSString+SBJSON.m in Sources */,
				E659C31B109E523500D9CFE2 /* SBJSON.m in Sources */,
				E659C31D109E523500D9CFE2 /* SBJsonBase.m in Sources */,
				E659C31F109E523500D9CFE2 /* SBJsonParser.m in Sources */,
				E659C321109E523500D9CFE2 /* SBJsonWriter.m in Sources */,
				E6FA4334109E806F00385C66 /* RMSession.m in Sources */,
				E6FA4340109E849300385C66 /* RMCall.m in Sources */,
				E6FA438B109E896800385C66 /* RMResponse.m in Sources */,
				E685C0A810C89AE3003E4873 /* MoodleCallProtocol.m in Sources */,
				E685C0AE10C89B01003E4873 /* MoodleAuthenticator.m in Sources */,
				E685C0B810C89B48003E4873 /* Moodle.m in Sources */,
				E6E4789910CEEA8000C5E68C /* RMResultDelegateWrapper.m in Sources */,
			);
			runOnlyForDeploymentPostprocessing = 0;
		};
		E659C348109E553F00D9CFE2 /* Sources */ = {
			isa = PBXSourcesBuildPhase;
			buildActionMask = 2147483647;
			files = (
				E6E4755C10CEABD100C5E68C /* MoodleTests.m in Sources */,
				E664DBD410AF915100B1418A /* RMCallTests.m in Sources */,
				E664DC2210AFB71500B1418A /* MockProtocol.m in Sources */,
				E667E42010C7240300EC0CA0 /* RMResultDelegateWrapper.m in Sources */,
				E667E4D110C73B3B00EC0CA0 /* MockProtocol2.m in Sources */,
				E667E54C10C73F8700EC0CA0 /* NSObject+SBJSON.m in Sources */,
				E667E54D10C73F8700EC0CA0 /* NSString+SBJSON.m in Sources */,
				E667E54E10C73F8800EC0CA0 /* SBJSON.m in Sources */,
				E667E54F10C73F8A00EC0CA0 /* SBJsonBase.m in Sources */,
				E667E55010C73F8B00EC0CA0 /* SBJsonParser.m in Sources */,
				E667E55110C73F8E00EC0CA0 /* SBJsonWriter.m in Sources */,
				E685BDF010C7EB63003E4873 /* MockProtocolShouldSend.m in Sources */,
				E685BE5A10C7FA39003E4873 /* RMSessionTests.m in Sources */,
				E685BE8F10C7FDE7003E4873 /* MockSessionProtocol.m in Sources */,
			);
			runOnlyForDeploymentPostprocessing = 0;
		};
		E6E476F610CED08500C5E68C /* Sources */ = {
			isa = PBXSourcesBuildPhase;
			buildActionMask = 2147483647;
			files = (
				E6E477D510CED1C100C5E68C /* MoodleExampleAppDelegate.m in Sources */,
				E6E477E410CED27200C5E68C /* RootViewController.m in Sources */,
				E6E477F110CED2A100C5E68C /* main.m in Sources */,
				E6E4794510CEF0A600C5E68C /* MoodleResultViewController.m in Sources */,
				E6E479F910CEF85800C5E68C /* LogoutViewController.m in Sources */,
				E67A9F3B10CF020800F520FA /* GetCoursesViewController.m in Sources */,
				E67A9F8C10CF059700F520FA /* ShowCourseViewController.m in Sources */,
				E67AA06E10CF0E6A00F520FA /* CourseDetailResultViewController.m in Sources */,
				E67AA1EE10CF2DF100F520FA /* LoginViewController.m in Sources */,
			);
			runOnlyForDeploymentPostprocessing = 0;
		};
/* End PBXSourcesBuildPhase section */

/* Begin PBXTargetDependency section */
		E667E36F10C71C7E00EC0CA0 /* PBXTargetDependency */ = {
			isa = PBXTargetDependency;
			target = D2AAC07D0554694100DB518D /* WIRemoting */;
			targetProxy = E667E36E10C71C7E00EC0CA0 /* PBXContainerItemProxy */;
		};
		E6E4770010CED09900C5E68C /* PBXTargetDependency */ = {
			isa = PBXTargetDependency;
			target = D2AAC07D0554694100DB518D /* WIRemoting */;
			targetProxy = E6E476FF10CED09900C5E68C /* PBXContainerItemProxy */;
		};
/* End PBXTargetDependency section */

/* Begin XCBuildConfiguration section */
		1DEB921F08733DC00010E9CD /* Debug */ = {
			isa = XCBuildConfiguration;
			buildSettings = {
				ALWAYS_SEARCH_USER_PATHS = NO;
				ARCHS = "$(ARCHS_STANDARD_32_BIT)";
				COPY_PHASE_STRIP = NO;
				DSTROOT = /tmp/WIRemoting.dst;
				GCC_DYNAMIC_NO_PIC = NO;
				GCC_ENABLE_FIX_AND_CONTINUE = YES;
				GCC_MODEL_TUNING = G5;
				GCC_OPTIMIZATION_LEVEL = 0;
				GCC_PRECOMPILE_PREFIX_HEADER = YES;
				GCC_PREFIX_HEADER = WIRemoting_Prefix.pch;
				INSTALL_PATH = /usr/local/lib;
				PRODUCT_NAME = WIRemoting;
			};
			name = Debug;
		};
		1DEB922008733DC00010E9CD /* Release */ = {
			isa = XCBuildConfiguration;
			buildSettings = {
				ALWAYS_SEARCH_USER_PATHS = NO;
				ARCHS = "$(ARCHS_STANDARD_32_BIT)";
				DSTROOT = /tmp/WIRemoting.dst;
				GCC_MODEL_TUNING = G5;
				GCC_PRECOMPILE_PREFIX_HEADER = YES;
				GCC_PREFIX_HEADER = WIRemoting_Prefix.pch;
				INSTALL_PATH = /usr/local/lib;
				PRODUCT_NAME = WIRemoting;
			};
			name = Release;
		};
		1DEB922308733DC00010E9CD /* Debug */ = {
			isa = XCBuildConfiguration;
			buildSettings = {
				ARCHS = "$(ARCHS_STANDARD_32_BIT)";
				GCC_C_LANGUAGE_STANDARD = c99;
				GCC_OPTIMIZATION_LEVEL = 0;
				GCC_WARN_ABOUT_RETURN_TYPE = YES;
				GCC_WARN_UNUSED_VARIABLE = YES;
				OTHER_LDFLAGS = (
					"-all_load",
					"-ObjC",
				);
				PREBINDING = NO;
				SDKROOT = iphoneos3.1;
			};
			name = Debug;
		};
		1DEB922408733DC00010E9CD /* Release */ = {
			isa = XCBuildConfiguration;
			buildSettings = {
				ARCHS = "$(ARCHS_STANDARD_32_BIT)";
				GCC_C_LANGUAGE_STANDARD = c99;
				GCC_WARN_ABOUT_RETURN_TYPE = YES;
				GCC_WARN_UNUSED_VARIABLE = YES;
				OTHER_LDFLAGS = (
					"-all_load",
					"-ObjC",
				);
				PREBINDING = NO;
				SDKROOT = iphoneos3.1;
			};
			name = Release;
		};
		E659C34E109E553F00D9CFE2 /* Debug */ = {
			isa = XCBuildConfiguration;
			buildSettings = {
				ALWAYS_SEARCH_USER_PATHS = NO;
				COPY_PHASE_STRIP = NO;
				FRAMEWORK_SEARCH_PATHS = (
					"\"$(SDKROOT)/Developer/Library/Frameworks\"",
					"\"$(DEVELOPER_LIBRARY_DIR)/Frameworks\"",
				);
				GCC_DYNAMIC_NO_PIC = NO;
				GCC_ENABLE_FIX_AND_CONTINUE = NO;
				GCC_ENABLE_OBJC_EXCEPTIONS = YES;
				GCC_OPTIMIZATION_LEVEL = 0;
				INFOPLIST_FILE = "RemotingTests-Info.plist";
				OTHER_LDFLAGS = (
					"-framework",
					Foundation,
					"-framework",
					SenTestingKit,
					"-framework",
					UIKit,
				);
				PREBINDING = NO;
				PRODUCT_NAME = RemotingTests;
				WRAPPER_EXTENSION = octest;
			};
			name = Debug;
		};
		E659C34F109E553F00D9CFE2 /* Release */ = {
			isa = XCBuildConfiguration;
			buildSettings = {
				ALWAYS_SEARCH_USER_PATHS = NO;
				COPY_PHASE_STRIP = YES;
				DEBUG_INFORMATION_FORMAT = "dwarf-with-dsym";
				FRAMEWORK_SEARCH_PATHS = (
					"\"$(SDKROOT)/Developer/Library/Frameworks\"",
					"\"$(DEVELOPER_LIBRARY_DIR)/Frameworks\"",
				);
				GCC_ENABLE_FIX_AND_CONTINUE = NO;
				GCC_ENABLE_OBJC_EXCEPTIONS = YES;
				INFOPLIST_FILE = "RemotingTests-Info.plist";
				OTHER_LDFLAGS = (
					"-framework",
					Foundation,
					"-framework",
					SenTestingKit,
					"-framework",
					UIKit,
				);
				PREBINDING = NO;
				PRODUCT_NAME = RemotingTests;
				WRAPPER_EXTENSION = octest;
				ZERO_LINK = NO;
			};
			name = Release;
		};
		E6E476FC10CED08600C5E68C /* Debug */ = {
			isa = XCBuildConfiguration;
			buildSettings = {
				ALWAYS_SEARCH_USER_PATHS = NO;
				CODE_SIGN_IDENTITY = "iPhone Developer";
				COPY_PHASE_STRIP = NO;
				GCC_DYNAMIC_NO_PIC = NO;
				GCC_OPTIMIZATION_LEVEL = 0;
				GCC_PRECOMPILE_PREFIX_HEADER = YES;
				GCC_PREFIX_HEADER = "$(SYSTEM_LIBRARY_DIR)/Frameworks/UIKit.framework/Headers/UIKit.h";
				INFOPLIST_FILE = "Moodle-Info.plist";
				INSTALL_PATH = "$(HOME)/Applications";
				PREBINDING = NO;
				PRODUCT_NAME = Moodle;
				SDKROOT = iphoneos3.1.2;
			};
			name = Debug;
		};
		E6E476FD10CED08600C5E68C /* Release */ = {
			isa = XCBuildConfiguration;
			buildSettings = {
				ALWAYS_SEARCH_USER_PATHS = NO;
				CODE_SIGN_IDENTITY = "iPhone Developer";
				COPY_PHASE_STRIP = YES;
				DEBUG_INFORMATION_FORMAT = "dwarf-with-dsym";
				GCC_ENABLE_FIX_AND_CONTINUE = NO;
				GCC_PRECOMPILE_PREFIX_HEADER = YES;
				GCC_PREFIX_HEADER = "$(SYSTEM_LIBRARY_DIR)/Frameworks/UIKit.framework/Headers/UIKit.h";
				INFOPLIST_FILE = "Moodle-Info.plist";
				INSTALL_PATH = "$(HOME)/Applications";
				PREBINDING = NO;
				PRODUCT_NAME = Moodle;
				SDKROOT = iphoneos3.1.2;
				ZERO_LINK = NO;
			};
			name = Release;
		};
/* End XCBuildConfiguration section */

/* Begin XCConfigurationList section */
		1DEB921E08733DC00010E9CD /* Build configuration list for PBXNativeTarget "WIRemoting" */ = {
			isa = XCConfigurationList;
			buildConfigurations = (
				1DEB921F08733DC00010E9CD /* Debug */,
				1DEB922008733DC00010E9CD /* Release */,
			);
			defaultConfigurationIsVisible = 0;
			defaultConfigurationName = Release;
		};
		1DEB922208733DC00010E9CD /* Build configuration list for PBXProject "WIRemoting" */ = {
			isa = XCConfigurationList;
			buildConfigurations = (
				1DEB922308733DC00010E9CD /* Debug */,
				1DEB922408733DC00010E9CD /* Release */,
			);
			defaultConfigurationIsVisible = 0;
			defaultConfigurationName = Release;
		};
		E659C350109E554000D9CFE2 /* Build configuration list for PBXNativeTarget "RemotingTests" */ = {
			isa = XCConfigurationList;
			buildConfigurations = (
				E659C34E109E553F00D9CFE2 /* Debug */,
				E659C34F109E553F00D9CFE2 /* Release */,
			);
			defaultConfigurationIsVisible = 0;
			defaultConfigurationName = Release;
		};
		E6E476FE10CED08600C5E68C /* Build configuration list for PBXNativeTarget "Moodle" */ = {
			isa = XCConfigurationList;
			buildConfigurations = (
				E6E476FC10CED08600C5E68C /* Debug */,
				E6E476FD10CED08600C5E68C /* Release */,
			);
			defaultConfigurationIsVisible = 0;
			defaultConfigurationName = Release;
		};
/* End XCConfigurationList section */
	};
	rootObject = 0867D690FE84028FC02AAC07 /* Project object */;
}
